
Microsoft Visual Studio Solution File, Format Version 12.00
# Visual Studio Version 16
VisualStudioVersion = 16.0.30309.148
MinimumVisualStudioVersion = 10.0.40219.1
Project("{FAE04EC0-301F-11D3-BF4B-00C04F79EFBC}") = "Lesson 18", "Lesson 18\Lesson 18.csproj", "{4CE92489-9C0D-441B-AB46-56A55BEDF36D}"
EndProject
Global
	GlobalSection(SolutionConfigurationPlatforms) = preSolution
		Debug|Any CPU = Debug|Any CPU
		Release|Any CPU = Release|Any CPU
	EndGlobalSection
	GlobalSection(ProjectConfigurationPlatforms) = postSolution
		{4CE92489-9C0D-441B-AB46-56A55BEDF36D}.Debug|Any CPU.ActiveCfg = Debug|Any CPU
		{4CE92489-9C0D-441B-AB46-56A55BEDF36D}.Debug|Any CPU.Build.0 = Debug|Any CPU
		{4CE92489-9C0D-441B-AB46-56A55BEDF36D}.Release|Any CPU.ActiveCfg = Release|Any CPU
		{4CE92489-9C0D-441B-AB46-56A55BEDF36D}.Release|Any CPU.Build.0 = Release|Any CPU
	EndGlobalSection
	GlobalSection(SolutionProperties) = preSolution
		HideSolutionNode = FALSE
	EndGlobalSection
	GlobalSection(ExtensibilityGlobals) = postSolution
		SolutionGuid = {5EFDAFA8-FC61-4AC0-8738-4DA6C0966209}
	EndGlobalSection
EndGlobal
